{
  "nodes": {
    "crane": {
      "inputs": {
        "flake-compat": "flake-compat",
        "flake-utils": "flake-utils",
        "nixpkgs": [
          "nixpkgs"
        ],
        "rust-overlay": "rust-overlay"
      },
      "locked": {
        "lastModified": 1673405853,
        "narHash": "sha256-6Nq9DuOo+gE2I8z5UZaKuumykz2xxZ9JGYmUthOuwSA=",
        "owner": "ipetkov",
        "repo": "crane",
        "rev": "b13963c8c18026aa694acd98d14f66d24666f70b",
        "type": "github"
      },
      "original": {
        "owner": "ipetkov",
        "repo": "crane",
        "type": "github"
      }
    },
    "fenix": {
      "inputs": {
        "nixpkgs": [
          "nixpkgs"
        ],
        "rust-analyzer-src": "rust-analyzer-src"
      },
      "locked": {
        "lastModified": 1673767661,
        "narHash": "sha256-AuPv9qYsGuQm24JkBFb5WNIxabgsprXbPQWXbd2Y7cg=",
        "owner": "nix-community",
        "repo": "fenix",
        "rev": "0fd51f52c1607c8a9247c951b8a2f4beac117606",
        "type": "github"
      },
      "original": {
        "owner": "nix-community",
        "repo": "fenix",
        "type": "github"
      }
    },
    "flake-compat": {
      "flake": false,
      "locked": {
        "lastModified": 1668681692,
        "narHash": "sha256-Ht91NGdewz8IQLtWZ9LCeNXMSXHUss+9COoqu6JLmXU=",
        "owner": "edolstra",
        "repo": "flake-compat",
        "rev": "009399224d5e398d03b22badca40a37ac85412a1",
        "type": "github"
      },
      "original": {
        "owner": "edolstra",
        "repo": "flake-compat",
        "type": "github"
      }
    },
    "flake-parts": {
      "inputs": {
        "nixpkgs-lib": "nixpkgs-lib"
      },
      "locked": {
        "lastModified": 1673362319,
        "narHash": "sha256-Pjp45Vnj7S/b3BRpZEVfdu8sqqA6nvVjvYu59okhOyI=",
        "owner": "hercules-ci",
        "repo": "flake-parts",
        "rev": "82c16f1682cf50c01cb0280b38a1eed202b3fe9f",
        "type": "github"
      },
      "original": {
        "owner": "hercules-ci",
        "repo": "flake-parts",
        "type": "github"
      }
    },
    "flake-root": {
      "locked": {
        "lastModified": 1671378805,
        "narHash": "sha256-yqGxyzMN2GuppwG3dTWD1oiKxi+jGYP7D1qUSc5vKhI=",
        "owner": "srid",
        "repo": "flake-root",
        "rev": "dc7ba6166e478804a9da6881aa48c45d300075cf",
        "type": "github"
      },
      "original": {
        "owner": "srid",
        "repo": "flake-root",
        "type": "github"
      }
    },
    "flake-utils": {
      "locked": {
        "lastModified": 1667395993,
        "narHash": "sha256-nuEHfE/LcWyuSWnS8t12N1wc105Qtau+/OdUAjtQ0rA=",
        "owner": "numtide",
        "repo": "flake-utils",
        "rev": "5aed5285a952e0b949eb3ba02c12fa4fcfef535f",
        "type": "github"
      },
      "original": {
        "owner": "numtide",
        "repo": "flake-utils",
        "type": "github"
      }
    },
    "nix-filter": {
      "locked": {
        "lastModified": 1666547822,
        "narHash": "sha256-razwnAybPHyoAyhkKCwXdxihIqJi1G6e1XP4FQOJTEs=",
        "owner": "numtide",
        "repo": "nix-filter",
        "rev": "1a3b735e13e90a8d2fd5629f2f8363bd7ffbbec7",
        "type": "github"
      },
      "original": {
        "owner": "numtide",
        "repo": "nix-filter",
        "type": "github"
      }
    },
    "nixpkgs": {
      "locked": {
        "lastModified": 1673606088,
        "narHash": "sha256-wdYD41UwNwPhTdMaG0AIe7fE1bAdyHe6bB4HLUqUvck=",
        "owner": "NixOS",
        "repo": "nixpkgs",
        "rev": "37b97ae3dd714de9a17923d004a2c5b5543dfa6d",
        "type": "github"
      },
      "original": {
        "owner": "NixOS",
        "ref": "nixpkgs-unstable",
        "repo": "nixpkgs",
        "type": "github"
      }
    },
    "nixpkgs-lib": {
      "locked": {
        "dir": "lib",
        "lastModified": 1672350804,
        "narHash": "sha256-jo6zkiCabUBn3ObuKXHGqqORUMH27gYDIFFfLq5P4wg=",
        "owner": "NixOS",
        "repo": "nixpkgs",
        "rev": "677ed08a50931e38382dbef01cba08a8f7eac8f6",
        "type": "github"
      },
      "original": {
        "dir": "lib",
        "owner": "NixOS",
        "ref": "nixos-unstable",
        "repo": "nixpkgs",
        "type": "github"
      }
    },
    "proc-flake": {
      "locked": {
        "lastModified": 1671388981,
        "narHash": "sha256-p++h07G0qiJtnjnyJRPehLIXJ3sU5zGtpOfZbnUxuZU=",
        "owner": "srid",
        "repo": "proc-flake",
        "rev": "676b5af467e52c06aa8a9165edb3345c6dbbabde",
        "type": "github"
      },
      "original": {
        "owner": "srid",
        "repo": "proc-flake",
        "type": "github"
      }
    },
    "root": {
      "inputs": {
        "crane": "crane",
        "fenix": "fenix",
        "flake-parts": "flake-parts",
        "flake-root": "flake-root",
        "nix-filter": "nix-filter",
        "nixpkgs": "nixpkgs",
        "proc-flake": "proc-flake"
      }
    },
    "rust-analyzer-src": {
      "flake": false,
      "locked": {
        "lastModified": 1673710472,
        "narHash": "sha256-Oaqu3YK0znY0xJlwS+jwtdyM/WOrSGGRNNxVN/7v9As=",
        "owner": "rust-lang",
        "repo": "rust-analyzer",
        "rev": "6189be13ab2dbd82759733f1106272893b833ef8",
        "type": "github"
      },
      "original": {
        "owner": "rust-lang",
        "ref": "nightly",
        "repo": "rust-analyzer",
        "type": "github"
      }
    },
    "rust-overlay": {
      "inputs": {
        "flake-utils": [
          "crane",
          "flake-utils"
        ],
        "nixpkgs": [
          "crane",
          "nixpkgs"
        ]
      },
      "locked": {
        "lastModified": 1672712534,
        "narHash": "sha256-8S0DdMPcbITnlOu0uA81mTo3hgX84wK8S9wS34HEFY4=",
        "owner": "oxalica",
        "repo": "rust-overlay",
        "rev": "69fb7bf0a8c40e6c4c197fa1816773774c8ac59f",
        "type": "github"
      },
      "original": {
        "owner": "oxalica",
        "repo": "rust-overlay",
        "type": "github"
      }
    }
  },
  "root": "root",
  "version": 7
}
