{
  "nodes": {
    "crane": {
      "inputs": {
        "flake-compat": "flake-compat",
        "flake-utils": "flake-utils",
        "nixpkgs": [
          "nixpkgs"
        ],
        "rust-overlay": "rust-overlay"
      },
      "locked": {
        "lastModified": 1673405853,
        "narHash": "sha256-6Nq9DuOo+gE2I8z5UZaKuumykz2xxZ9JGYmUthOuwSA=",
        "owner": "ipetkov",
        "repo": "crane",
        "rev": "b13963c8c18026aa694acd98d14f66d24666f70b",
        "type": "github"
      },
      "original": {
        "owner": "ipetkov",
        "repo": "crane",
        "type": "github"
      }
    },
    "fenix": {
      "inputs": {
        "nixpkgs": [
          "nixpkgs"
        ],
        "rust-analyzer-src": "rust-analyzer-src"
      },
      "locked": {
        "lastModified": 1673158907,
        "narHash": "sha256-SeThdOORplSy0eDnU2s6SQeQgS7LLu2q0s0+t8wyETs=",
        "owner": "nix-community",
        "repo": "fenix",
        "rev": "73facffb51e94484809be674748ee7bf8f37d7f6",
        "type": "github"
      },
      "original": {
        "owner": "nix-community",
        "repo": "fenix",
        "type": "github"
      }
    },
    "flake-compat": {
      "flake": false,
      "locked": {
        "lastModified": 1668681692,
        "narHash": "sha256-Ht91NGdewz8IQLtWZ9LCeNXMSXHUss+9COoqu6JLmXU=",
        "owner": "edolstra",
        "repo": "flake-compat",
        "rev": "009399224d5e398d03b22badca40a37ac85412a1",
        "type": "github"
      },
      "original": {
        "owner": "edolstra",
        "repo": "flake-compat",
        "type": "github"
      }
    },
    "flake-parts": {
      "inputs": {
        "nixpkgs-lib": "nixpkgs-lib"
      },
      "locked": {
        "lastModified": 1673047662,
        "narHash": "sha256-dXYxH/0Ea5oQSkGAWWNy7HzmFutguycDGn2dt6lTYRQ=",
        "owner": "hercules-ci",
        "repo": "flake-parts",
        "rev": "aa1f6ca773b6e740037ebfb35f7010e0c3960638",
        "type": "github"
      },
      "original": {
        "owner": "hercules-ci",
        "repo": "flake-parts",
        "type": "github"
      }
    },
    "flake-root": {
      "locked": {
        "lastModified": 1671378805,
        "narHash": "sha256-yqGxyzMN2GuppwG3dTWD1oiKxi+jGYP7D1qUSc5vKhI=",
        "owner": "srid",
        "repo": "flake-root",
        "rev": "dc7ba6166e478804a9da6881aa48c45d300075cf",
        "type": "github"
      },
      "original": {
        "owner": "srid",
        "repo": "flake-root",
        "type": "github"
      }
    },
    "flake-utils": {
      "locked": {
        "lastModified": 1667395993,
        "narHash": "sha256-nuEHfE/LcWyuSWnS8t12N1wc105Qtau+/OdUAjtQ0rA=",
        "owner": "numtide",
        "repo": "flake-utils",
        "rev": "5aed5285a952e0b949eb3ba02c12fa4fcfef535f",
        "type": "github"
      },
      "original": {
        "owner": "numtide",
        "repo": "flake-utils",
        "type": "github"
      }
    },
    "gitignore": {
      "inputs": {
        "nixpkgs": [
          "nixpkgs"
        ]
      },
      "locked": {
        "lastModified": 1660459072,
        "narHash": "sha256-8DFJjXG8zqoONA1vXtgeKXy68KdJL5UaXR8NtVMUbx8=",
        "owner": "hercules-ci",
        "repo": "gitignore.nix",
        "rev": "a20de23b925fd8264fd7fad6454652e142fd7f73",
        "type": "github"
      },
      "original": {
        "owner": "hercules-ci",
        "repo": "gitignore.nix",
        "type": "github"
      }
    },
    "nixpkgs": {
      "locked": {
        "lastModified": 1673027386,
        "narHash": "sha256-Wjt+oDhRLcf3opIjUKHGN+Xrp3w2ZDms6bO4pCLvsco=",
        "owner": "NixOS",
        "repo": "nixpkgs",
        "rev": "b3818a46e686f24561a28eaa9fcf35e18b8d8e89",
        "type": "github"
      },
      "original": {
        "owner": "NixOS",
        "ref": "nixpkgs-unstable",
        "repo": "nixpkgs",
        "type": "github"
      }
    },
    "nixpkgs-lib": {
      "locked": {
        "dir": "lib",
        "lastModified": 1672350804,
        "narHash": "sha256-jo6zkiCabUBn3ObuKXHGqqORUMH27gYDIFFfLq5P4wg=",
        "owner": "NixOS",
        "repo": "nixpkgs",
        "rev": "677ed08a50931e38382dbef01cba08a8f7eac8f6",
        "type": "github"
      },
      "original": {
        "dir": "lib",
        "owner": "NixOS",
        "ref": "nixos-unstable",
        "repo": "nixpkgs",
        "type": "github"
      }
    },
    "proc-flake": {
      "locked": {
        "lastModified": 1671388981,
        "narHash": "sha256-p++h07G0qiJtnjnyJRPehLIXJ3sU5zGtpOfZbnUxuZU=",
        "owner": "srid",
        "repo": "proc-flake",
        "rev": "676b5af467e52c06aa8a9165edb3345c6dbbabde",
        "type": "github"
      },
      "original": {
        "owner": "srid",
        "repo": "proc-flake",
        "type": "github"
      }
    },
    "root": {
      "inputs": {
        "crane": "crane",
        "fenix": "fenix",
        "flake-parts": "flake-parts",
        "flake-root": "flake-root",
        "gitignore": "gitignore",
        "nixpkgs": "nixpkgs",
        "proc-flake": "proc-flake"
      }
    },
    "rust-analyzer-src": {
      "flake": false,
      "locked": {
        "lastModified": 1673119177,
        "narHash": "sha256-Eabe5SOI5XHRrjcFIgGXE0P5CxHlha07IaBBagM0Ap8=",
        "owner": "rust-lang",
        "repo": "rust-analyzer",
        "rev": "1bd1a095936f2c16493743a05f6f14285c98ec8a",
        "type": "github"
      },
      "original": {
        "owner": "rust-lang",
        "ref": "nightly",
        "repo": "rust-analyzer",
        "type": "github"
      }
    },
    "rust-overlay": {
      "inputs": {
        "flake-utils": [
          "crane",
          "flake-utils"
        ],
        "nixpkgs": [
          "crane",
          "nixpkgs"
        ]
      },
      "locked": {
        "lastModified": 1672712534,
        "narHash": "sha256-8S0DdMPcbITnlOu0uA81mTo3hgX84wK8S9wS34HEFY4=",
        "owner": "oxalica",
        "repo": "rust-overlay",
        "rev": "69fb7bf0a8c40e6c4c197fa1816773774c8ac59f",
        "type": "github"
      },
      "original": {
        "owner": "oxalica",
        "repo": "rust-overlay",
        "type": "github"
      }
    }
  },
  "root": "root",
  "version": 7
}
